
Microsoft Visual Studio Solution File, Format Version 12.00
# Visual Studio Version 17
VisualStudioVersion = 17.14.36623.8 d17.14
MinimumVisualStudioVersion = 10.0.40219.1
Project("{FAE04EC0-301F-11D3-BF4B-00C04F79EFBC}") = "SimpleCalculator", "SimpleCalculator\SimpleCalculator.csproj", "{5C6F5930-BB8E-4C94-9CB9-43C54E8628CE}"
EndProject
Global
	GlobalSection(SolutionConfigurationPlatforms) = preSolution
		Debug|Any CPU = Debug|Any CPU
		Release|Any CPU = Release|Any CPU
	EndGlobalSection
	GlobalSection(ProjectConfigurationPlatforms) = postSolution
		{5C6F5930-BB8E-4C94-9CB9-43C54E8628CE}.Debug|Any CPU.ActiveCfg = Debug|Any CPU
		{5C6F5930-BB8E-4C94-9CB9-43C54E8628CE}.Debug|Any CPU.Build.0 = Debug|Any CPU
		{5C6F5930-BB8E-4C94-9CB9-43C54E8628CE}.Release|Any CPU.ActiveCfg = Release|Any CPU
		{5C6F5930-BB8E-4C94-9CB9-43C54E8628CE}.Release|Any CPU.Build.0 = Release|Any CPU
	EndGlobalSection
	GlobalSection(SolutionProperties) = preSolution
		HideSolutionNode = FALSE
	EndGlobalSection
	GlobalSection(ExtensibilityGlobals) = postSolution
		SolutionGuid = {18CD00B0-0B91-49D1-9F0E-3153672F04DF}
	EndGlobalSection
EndGlobal
